
Microsoft Visual Studio Solution File, Format Version 12.00
# Visual Studio Version 17
VisualStudioVersion = 17.4.33205.214
MinimumVisualStudioVersion = 10.0.40219.1
Project("{FAE04EC0-301F-11D3-BF4B-00C04F79EFBC}") = "WebApiNorthwind", "WebApiNorthwind\WebApiNorthwind.csproj", "{6018F8D1-CAF3-4B6E-AB03-E3C64986EEBC}"
EndProject
Project("{FAE04EC0-301F-11D3-BF4B-00C04F79EFBC}") = "WebApiPubs", "WebApiPubs\WebApiPubs.csproj", "{ED0DF4E3-C40A-42B3-884A-84E397E47051}"
EndProject
Global
	GlobalSection(SolutionConfigurationPlatforms) = preSolution
		Debug|Any CPU = Debug|Any CPU
		Release|Any CPU = Release|Any CPU
	EndGlobalSection
	GlobalSection(ProjectConfigurationPlatforms) = postSolution
		{6018F8D1-CAF3-4B6E-AB03-E3C64986EEBC}.Debug|Any CPU.ActiveCfg = Debug|Any CPU
		{6018F8D1-CAF3-4B6E-AB03-E3C64986EEBC}.Debug|Any CPU.Build.0 = Debug|Any CPU
		{6018F8D1-CAF3-4B6E-AB03-E3C64986EEBC}.Release|Any CPU.ActiveCfg = Release|Any CPU
		{6018F8D1-CAF3-4B6E-AB03-E3C64986EEBC}.Release|Any CPU.Build.0 = Release|Any CPU
		{ED0DF4E3-C40A-42B3-884A-84E397E47051}.Debug|Any CPU.ActiveCfg = Debug|Any CPU
		{ED0DF4E3-C40A-42B3-884A-84E397E47051}.Debug|Any CPU.Build.0 = Debug|Any CPU
		{ED0DF4E3-C40A-42B3-884A-84E397E47051}.Release|Any CPU.ActiveCfg = Release|Any CPU
		{ED0DF4E3-C40A-42B3-884A-84E397E47051}.Release|Any CPU.Build.0 = Release|Any CPU
	EndGlobalSection
	GlobalSection(SolutionProperties) = preSolution
		HideSolutionNode = FALSE
	EndGlobalSection
	GlobalSection(ExtensibilityGlobals) = postSolution
		SolutionGuid = {8BB29AF7-62D0-47B6-8AFD-43C2D8B59803}
	EndGlobalSection
EndGlobal
